name: Time Clock Housekeeping

on:
  schedule:
    - cron: "7 * * * *"
  workflow_dispatch: {}

jobs:
  run:
    runs-on: ubuntu-latest
    steps:
      - name: Auto clock-out forgotten shifts and purge old location trails
        run: |
          curl -sf -X POST "https://crm.aibuildpros.com/api/cron/time-clock" \
            -H "Authorization: Bearer ${{ secrets.CRON_SECRET }}"
